// !$*UTF8*$!
{
	archiveVersion = 1;
	classes = {
	};
	objectVersion = 46;
	objects = {

/* Begin PBXBuildFile section */
		C20783FF1DADF12700BB05D4 /* main.m in Sources */ = {isa = PBXBuildFile; fileRef = C20783FE1DADF12700BB05D4 /* main.m */; };
		C20784021DADF12700BB05D4 /* AppDelegate.m in Sources */ = {isa = PBXBuildFile; fileRef = C20784011DADF12700BB05D4 /* AppDelegate.m */; };
		C20784051DADF12700BB05D4 /* ViewController.m in Sources */ = {isa = PBXBuildFile; fileRef = C20784041DADF12700BB05D4 /* ViewController.m */; };
		C20784081DADF12700BB05D4 /* Main.storyboard in Resources */ = {isa = PBXBuildFile; fileRef = C20784061DADF12700BB05D4 /* Main.storyboard */; };
		C207840A1DADF12700BB05D4 /* Assets.xcassets in Resources */ = {isa = PBXBuildFile; fileRef = C20784091DADF12700BB05D4 /* Assets.xcassets */; };
		C207840D1DADF12700BB05D4 /* LaunchScreen.storyboard in Resources */ = {isa = PBXBuildFile; fileRef = C207840B1DADF12700BB05D4 /* LaunchScreen.storyboard */; };
/* End PBXBuildFile section */

/* Begin PBXFileReference section */
		C20783FA1DADF12700BB05D4 /* Code_Animation.app */ = {isa = PBXFileReference; explicitFileType = wrapper.application; includeInIndex = 0; path = Code_Animation.app; sourceTree = BUILT_PRODUCTS_DIR; };
		C20783FE1DADF12700BB05D4 /* main.m */ = {isa = PBXFileReference; lastKnownFileType = sourcecode.c.objc; path = main.m; sourceTree = "<group>"; };
		C20784001DADF12700BB05D4 /* AppDelegate.h */ = {isa = PBXFileReference; lastKnownFileType = sourcecode.c.h; path = AppDelegate.h; sourceTree = "<group>"; };
		C20784011DADF12700BB05D4 /* AppDelegate.m */ = {isa = PBXFileReference; lastKnownFileType = sourcecode.c.objc; path = AppDelegate.m; sourceTree = "<group>"; };
		C20784031DADF12700BB05D4 /* ViewController.h */ = {isa = PBXFileReference; lastKnownFileType = sourcecode.c.h; path = ViewController.h; sourceTree = "<group>"; };
		C20784041DADF12700BB05D4 /* ViewController.m */ = {isa = PBXFileReference; lastKnownFileType = sourcecode.c.objc; path = ViewController.m; sourceTree = "<group>"; };
		C20784071DADF12700BB05D4 /* Base */ = {isa = PBXFileReference; lastKnownFileType = file.storyboard; name = Base; path = Base.lproj/Main.storyboard; sourceTree = "<group>"; };
		C20784091DADF12700BB05D4 /* Assets.xcassets */ = {isa = PBXFileReference; lastKnownFileType = folder.assetcatalog; path = Assets.xcassets; sourceTree = "<group>"; };
		C207840C1DADF12700BB05D4 /* Base */ = {isa = PBXFileReference; lastKnownFileType = file.storyboard; name = Base; path = Base.lproj/LaunchScreen.storyboard; sourceTree = "<group>"; };
		C207840E1DADF12700BB05D4 /* Info.plist */ = {isa = PBXFileReference; lastKnownFileType = text.plist.xml; path = Info.plist; sourceTree = "<group>"; };
/* End PBXFileReference section */

/* Begin PBXFrameworksBuildPhase section */
		C20783F71DADF12700BB05D4 /* Frameworks */ = {
			isa = PBXFrameworksBuildPhase;
			buildActionMask = 2147483647;
			files = (
			);
			runOnlyForDeploymentPostprocessing = 0;
		};
/* End PBXFrameworksBuildPhase section */

/* Begin PBXGroup section */
		C20783F11DADF12700BB05D4 = {
			isa = PBXGroup;
			children = (
				C20783FC1DADF12700BB05D4 /* Code_Animation */,
				C20783FB1DADF12700BB05D4 /* Products */,
			);
			sourceTree = "<group>";
		};
		C20783FB1DADF12700BB05D4 /* Products */ = {
			isa = PBXGroup;
			children = (
				C20783FA1DADF12700BB05D4 /* Code_Animation.app */,
			);
			name = Products;
			sourceTree = "<group>";
		};
		C20783FC1DADF12700BB05D4 /* Code_Animation */ = {
			isa = PBXGroup;
			children = (
				C20784001DADF12700BB05D4 /* AppDelegate.h */,
				C20784011DADF12700BB05D4 /* AppDelegate.m */,
				C20784031DADF12700BB05D4 /* ViewController.h */,
				C20784041DADF12700BB05D4 /* ViewController.m */,
				C20784061DADF12700BB05D4 /* Main.storyboard */,
				C20784091DADF12700BB05D4 /* Assets.xcassets */,
				C207840B1DADF12700BB05D4 /* LaunchScreen.storyboard */,
				C207840E1DADF12700BB05D4 /* Info.plist */,
				C20783FD1DADF12700BB05D4 /* Supporting Files */,
			);
			path = Code_Animation;
			sourceTree = "<group>";
		};
		C20783FD1DADF12700BB05D4 /* Supporting Files */ = {
			isa = PBXGroup;
			children = (
				C20783FE1DADF12700BB05D4 /* main.m */,
			);
			name = "Supporting Files";
			sourceTree = "<group>";
		};
/* End PBXGroup section */

/* Begin PBXNativeTarget section */
		C20783F91DADF12700BB05D4 /* Code_Animation */ = {
			isa = PBXNativeTarget;
			buildConfigurationList = C20784111DADF12700BB05D4 /* Build configuration list for PBXNativeTarget "Code_Animation" */;
			buildPhases = (
				C20783F61DADF12700BB05D4 /* Sources */,
				C20783F71DADF12700BB05D4 /* Frameworks */,
				C20783F81DADF12700BB05D4 /* Resources */,
			);
			buildRules = (
			);
			dependencies = (
			);
			name = Code_Animation;
			productName = Demo;
			productReference = C20783FA1DADF12700BB05D4 /* Code_Animation.app */;
			productType = "com.apple.product-type.application";
		};
/* End PBXNativeTarget section */

/* Begin PBXProject section */
		C20783F21DADF12700BB05D4 /* Project object */ = {
			isa = PBXProject;
			attributes = {
				LastUpgradeCheck = 0820;
				ORGANIZATIONNAME = "兴林";
				TargetAttributes = {
					C20783F91DADF12700BB05D4 = {
						CreatedOnToolsVersion = 8.0;
						DevelopmentTeam = 9AQVJTZ5M6;
						ProvisioningStyle = Manual;
					};
				};
			};
			buildConfigurationList = C20783F51DADF12700BB05D4 /* Build configuration list for PBXProject "Code_Animation" */;
			compatibilityVersion = "Xcode 3.2";
			developmentRegion = English;
			hasScannedForEncodings = 0;
			knownRegions = (
				en,
				Base,
			);
			mainGroup = C20783F11DADF12700BB05D4;
			productRefGroup = C20783FB1DADF12700BB05D4 /* Products */;
			projectDirPath = "";
			projectRoot = "";
			targets = (
				C20783F91DADF12700BB05D4 /* Code_Animation */,
			);
		};
/* End PBXProject section */

/* Begin PBXResourcesBuildPhase section */
		C20783F81DADF12700BB05D4 /* Resources */ = {
			isa = PBXResourcesBuildPhase;
			buildActionMask = 2147483647;
			files = (
				C207840D1DADF12700BB05D4 /* LaunchScreen.storyboard in Resources */,
				C207840A1DADF12700BB05D4 /* Assets.xcassets in Resources */,
				C20784081DADF12700BB05D4 /* Main.storyboard in Resources */,
			);
			runOnlyForDeploymentPostprocessing = 0;
		};
/* End PBXResourcesBuildPhase section */

/* Begin PBXSourcesBuildPhase section */
		C20783F61DADF12700BB05D4 /* Sources */ = {
			isa = PBXSourcesBuildPhase;
			buildActionMask = 2147483647;
			files = (
				C20784051DADF12700BB05D4 /* ViewController.m in Sources */,
				C20784021DADF12700BB05D4 /* AppDelegate.m in Sources */,
				C20783FF1DADF12700BB05D4 /* main.m in Sources */,
			);
			runOnlyForDeploymentPostprocessing = 0;
		};
/* End PBXSourcesBuildPhase section */

/* Begin PBXVariantGroup section */
		C20784061DADF12700BB05D4 /* Main.storyboard */ = {
			isa = PBXVariantGroup;
			children = (
				C20784071DADF12700BB05D4 /* Base */,
			);
			name = Main.storyboard;
			sourceTree = "<group>";
		};
		C207840B1DADF12700BB05D4 /* LaunchScreen.storyboard */ = {
			isa = PBXVariantGroup;
			children = (
				C207840C1DADF12700BB05D4 /* Base */,
			);
			name = LaunchScreen.storyboard;
			sourceTree = "<group>";
		};
/* End PBXVariantGroup section */

/* Begin XCBuildConfiguration section */
		C207840F1DADF12700BB05D4 /* Debug */ = {
			isa = XCBuildConfiguration;
			buildSettings = {
				ALWAYS_SEARCH_USER_PATHS = NO;
				CLANG_ANALYZER_NONNULL = YES;
				CLANG_CXX_LANGUAGE_STANDARD = "gnu++0x";
				CLANG_CXX_LIBRARY = "libc++";
				CLANG_ENABLE_MODULES = YES;
				CLANG_ENABLE_OBJC_ARC = YES;
				CLANG_WARN_BOOL_CONVERSION = YES;
				CLANG_WARN_CONSTANT_CONVERSION = YES;
				CLANG_WARN_DIRECT_OBJC_ISA_USAGE = YES_ERROR;
				CLANG_WARN_DOCUMENTATION_COMMENTS = YES;
				CLANG_WARN_EMPTY_BODY = YES;
				CLANG_WARN_ENUM_CONVERSION = YES;
				CLANG_WARN_INFINITE_RECURSION = YES;
				CLANG_WARN_INT_CONVERSION = YES;
				CLANG_WARN_OBJC_ROOT_CLASS = YES_ERROR;
				CLANG_WARN_SUSPICIOUS_MOVE = YES;
				CLANG_WARN_SUSPICIOUS_MOVES = YES;
				CLANG_WARN_UNREACHABLE_CODE = YES;
				CLANG_WARN__DUPLICATE_METHOD_MATCH = YES;
				"CODE_SIGN_IDENTITY[sdk=iphoneos*]" = "iPhone Developer";
				COPY_PHASE_STRIP = NO;
				DEBUG_INFORMATION_FORMAT = dwarf;
				ENABLE_STRICT_OBJC_MSGSEND = YES;
				ENABLE_TESTABILITY = YES;
				GCC_C_LANGUAGE_STANDARD = gnu99;
				GCC_DYNAMIC_NO_PIC = NO;
				GCC_NO_COMMON_BLOCKS = YES;
				GCC_OPTIMIZATION_LEVEL = 0;
				GCC_PREPROCESSOR_DEFINITIONS = (
					"DEBUG=1",
					"$(inherited)",
				);
				GCC_WARN_64_TO_32_BIT_CONVERSION = YES;
				GCC_WARN_ABOUT_RETURN_TYPE = YES_ERROR;
				GCC_WARN_UNDECLARED_SELECTOR = YES;
				GCC_WARN_UNINITIALIZED_AUTOS = YES_AGGRESSIVE;
				GCC_WARN_UNUSED_FUNCTION = YES;
				GCC_WARN_UNUSED_VARIABLE = YES;
				IPHONEOS_DEPLOYMENT_TARGET = 10.0;
				MTL_ENABLE_DEBUG_INFO = YES;
				ONLY_ACTIVE_ARCH = YES;
				SDKROOT = iphoneos;
				TARGETED_DEVICE_FAMILY = "1,2";
			};
			name = Debug;
		};
		C20784101DADF12700BB05D4 /* Release */ = {
			isa = XCBuildConfiguration;
			buildSettings = {
				ALWAYS_SEARCH_USER_PATHS = NO;
				CLANG_ANALYZER_NONNULL = YES;
				CLANG_CXX_LANGUAGE_STANDARD = "gnu++0x";
				CLANG_CXX_LIBRARY = "libc++";
				CLANG_ENABLE_MODULES = YES;
				CLANG_ENABLE_OBJC_ARC = YES;
				CLANG_WARN_BOOL_CONVERSION = YES;
				CLANG_WARN_CONSTANT_CONVERSION = YES;
				CLANG_WARN_DIRECT_OBJC_ISA_USAGE = YES_ERROR;
				CLANG_WARN_DOCUMENTATION_COMMENTS = YES;
				CLANG_WARN_EMPTY_BODY = YES;
				CLANG_WARN_ENUM_CONVERSION = YES;
				CLANG_WARN_INFINITE_RECURSION = YES;
				CLANG_WARN_INT_CONVERSION = YES;
				CLANG_WARN_OBJC_ROOT_CLASS = YES_ERROR;
				CLANG_WARN_SUSPICIOUS_MOVE = YES;
				CLANG_WARN_SUSPICIOUS_MOVES = YES;
				CLANG_WARN_UNREACHABLE_CODE = YES;
				CLANG_WARN__DUPLICATE_METHOD_MATCH = YES;
				"CODE_SIGN_IDENTITY[sdk=iphoneos*]" = "iPhone Developer";
				COPY_PHASE_STRIP = NO;
				DEBUG_INFORMATION_FORMAT = "dwarf-with-dsym";
				ENABLE_NS_ASSERTIONS = NO;
				ENABLE_STRICT_OBJC_MSGSEND = YES;
				GCC_C_LANGUAGE_STANDARD = gnu99;
				GCC_NO_COMMON_BLOCKS = YES;
				GCC_WARN_64_TO_32_BIT_CONVERSION = YES;
				GCC_WARN_ABOUT_RETURN_TYPE = YES_ERROR;
				GCC_WARN_UNDECLARED_SELECTOR = YES;
				GCC_WARN_UNINITIALIZED_AUTOS = YES_AGGRESSIVE;
				GCC_WARN_UNUSED_FUNCTION = YES;
				GCC_WARN_UNUSED_VARIABLE = YES;
				IPHONEOS_DEPLOYMENT_TARGET = 10.0;
				MTL_ENABLE_DEBUG_INFO = NO;
				SDKROOT = iphoneos;
				TARGETED_DEVICE_FAMILY = "1,2";
				VALIDATE_PRODUCT = YES;
			};
			name = Release;
		};
		C20784121DADF12700BB05D4 /* Debug */ = {
			isa = XCBuildConfiguration;
			buildSettings = {
				ASSETCATALOG_COMPILER_APPICON_NAME = AppIcon;
				DEVELOPMENT_TEAM = 9AQVJTZ5M6;
				INFOPLIST_FILE = "$(SRCROOT)/Code_Animation/Info.plist";
				LD_RUNPATH_SEARCH_PATHS = "$(inherited) @executable_path/Frameworks";
				PRODUCT_BUNDLE_IDENTIFIER = com.yjpal.Demo;
				PRODUCT_NAME = "$(TARGET_NAME)";
				PROVISIONING_PROFILE = "baff3f7a-1ba5-4114-ae33-1d0be4fa8e9d";
				PROVISIONING_PROFILE_SPECIFIER = App_Debug;
			};
			name = Debug;
		};
		C20784131DADF12700BB05D4 /* Release */ = {
			isa = XCBuildConfiguration;
			buildSettings = {
				ASSETCATALOG_COMPILER_APPICON_NAME = AppIcon;
				DEVELOPMENT_TEAM = "";
				INFOPLIST_FILE = "$(SRCROOT)/Code_Animation/Info.plist";
				LD_RUNPATH_SEARCH_PATHS = "$(inherited) @executable_path/Frameworks";
				PRODUCT_BUNDLE_IDENTIFIER = com.yjpal.Demo;
				PRODUCT_NAME = "$(TARGET_NAME)";
				PROVISIONING_PROFILE_SPECIFIER = "";
			};
			name = Release;
		};
/* End XCBuildConfiguration section */

/* Begin XCConfigurationList section */
		C20783F51DADF12700BB05D4 /* Build configuration list for PBXProject "Code_Animation" */ = {
			isa = XCConfigurationList;
			buildConfigurations = (
				C207840F1DADF12700BB05D4 /* Debug */,
				C20784101DADF12700BB05D4 /* Release */,
			);
			defaultConfigurationIsVisible = 0;
			defaultConfigurationName = Release;
		};
		C20784111DADF12700BB05D4 /* Build configuration list for PBXNativeTarget "Code_Animation" */ = {
			isa = XCConfigurationList;
			buildConfigurations = (
				C20784121DADF12700BB05D4 /* Debug */,
				C20784131DADF12700BB05D4 /* Release */,
			);
			defaultConfigurationIsVisible = 0;
			defaultConfigurationName = Release;
		};
/* End XCConfigurationList section */
	};
	rootObject = C20783F21DADF12700BB05D4 /* Project object */;
}
